# THIS IS AN AUTOGENERATED FILE. DO NOT EDIT THIS FILE DIRECTLY.
# yarn lockfile v1


linked-list@^3.0.1:
  version "3.0.1"
  resolved "https://registry.yarnpkg.com/linked-list/-/linked-list-3.0.1.tgz#4efa6fa9764571e6bd10b6d2d584c3e5678391ab"
  integrity sha512-SZQtR4X1ytETq5AUUHmB0b4HuekzdfowzWXCBrd1GUPzeUx3zAdDE4j+M/IEFKaazkfOSBRcPzl7dFA9EZtmHA==
